
Microsoft Visual Studio Solution File, Format Version 12.00
# Visual Studio Version 17
VisualStudioVersion = 17.3.32901.215
MinimumVisualStudioVersion = 10.0.40219.1
Project("{FAE04EC0-301F-11D3-BF4B-00C04F79EFBC}") = "ReVanced-Patcher.NET", "ReVanced-Patcher.NET.csproj", "{6616C956-675C-4F86-BA67-DF70A7C67922}"
EndProject
Global
	GlobalSection(SolutionConfigurationPlatforms) = preSolution
		Debug|Any CPU = Debug|Any CPU
		Release|Any CPU = Release|Any CPU
	EndGlobalSection
	GlobalSection(ProjectConfigurationPlatforms) = postSolution
		{6616C956-675C-4F86-BA67-DF70A7C67922}.Debug|Any CPU.ActiveCfg = Debug|Any CPU
		{6616C956-675C-4F86-BA67-DF70A7C67922}.Debug|Any CPU.Build.0 = Debug|Any CPU
		{6616C956-675C-4F86-BA67-DF70A7C67922}.Release|Any CPU.ActiveCfg = Release|Any CPU
		{6616C956-675C-4F86-BA67-DF70A7C67922}.Release|Any CPU.Build.0 = Release|Any CPU
	EndGlobalSection
	GlobalSection(SolutionProperties) = preSolution
		HideSolutionNode = FALSE
	EndGlobalSection
	GlobalSection(ExtensibilityGlobals) = postSolution
		SolutionGuid = {FBE38AF6-2749-4C65-88C8-FE4CCCF83C46}
	EndGlobalSection
EndGlobal
